
Microsoft Visual Studio Solution File, Format Version 12.00
# Visual Studio 15
VisualStudioVersion = 15.0.27428.2027
MinimumVisualStudioVersion = 10.0.40219.1
Project("{FAE04EC0-301F-11D3-BF4B-00C04F79EFBC}") = "MvcIntro", "MvcIntro\MvcIntro.csproj", "{6E5425B2-CE7D-48AC-A79E-64BF8E72F64F}"
EndProject
Global
	GlobalSection(SolutionConfigurationPlatforms) = preSolution
		Debug|Any CPU = Debug|Any CPU
		Release|Any CPU = Release|Any CPU
	EndGlobalSection
	GlobalSection(ProjectConfigurationPlatforms) = postSolution
		{6E5425B2-CE7D-48AC-A79E-64BF8E72F64F}.Debug|Any CPU.ActiveCfg = Debug|Any CPU
		{6E5425B2-CE7D-48AC-A79E-64BF8E72F64F}.Debug|Any CPU.Build.0 = Debug|Any CPU
		{6E5425B2-CE7D-48AC-A79E-64BF8E72F64F}.Release|Any CPU.ActiveCfg = Release|Any CPU
		{6E5425B2-CE7D-48AC-A79E-64BF8E72F64F}.Release|Any CPU.Build.0 = Release|Any CPU
	EndGlobalSection
	GlobalSection(SolutionProperties) = preSolution
		HideSolutionNode = FALSE
	EndGlobalSection
	GlobalSection(ExtensibilityGlobals) = postSolution
		SolutionGuid = {85B26CE0-4A4A-4C9B-ABDC-524AC41C0D68}
	EndGlobalSection
EndGlobal
